{
  "name": "@wipcomputer/wip-ldm-os",
  "version": "0.4.62",
  "lockfileVersion": 3,
  "requires": true,
  "packages": {
    "": {
      "name": "@wipcomputer/wip-ldm-os",
      "version": "0.4.62",
      "license": "MIT",
      "bin": {
        "ldm": "bin/ldm.js",
        "ldm-boot-install": "src/boot/install-cli.js",
        "ldm-scaffold": "bin/scaffold.sh",
        "lesa": "dist/bridge/cli.js",
        "wip-install": "bin/wip-install.js",
        "wip-ldm-os": "bin/ldm.js"
      },
      "engines": {
        "node": ">=18"
      }
    }
  }
}
